
Microsoft Visual Studio Solution File, Format Version 12.00
# Visual Studio Version 16
VisualStudioVersion = 16.0.32106.194
MinimumVisualStudioVersion = 10.0.40219.1
Project("{8BC9CEB8-8B4A-11D0-8D11-00A0C91BC942}") = "Fuggveny1", "Fuggveny1\Fuggveny1.vcxproj", "{E567F969-8DEF-4308-8F97-521D1244D5C1}"
EndProject
Project("{8BC9CEB8-8B4A-11D0-8D11-00A0C91BC942}") = "FuggvenyNagyobb", "FuggvenyNagyobb\FuggvenyNagyobb.vcxproj", "{CED4AB5F-C2D6-4656-97DB-20EB7B40D9D3}"
EndProject
Project("{8BC9CEB8-8B4A-11D0-8D11-00A0C91BC942}") = "KetszamMaximuma", "KetszamMaximuma\KetszamMaximuma.vcxproj", "{19B0AAE2-869B-4133-B20C-B8BC8246A574}"
EndProject
Global
	GlobalSection(SolutionConfigurationPlatforms) = preSolution
		Debug|x64 = Debug|x64
		Debug|x86 = Debug|x86
		Release|x64 = Release|x64
		Release|x86 = Release|x86
	EndGlobalSection
	GlobalSection(ProjectConfigurationPlatforms) = postSolution
		{E567F969-8DEF-4308-8F97-521D1244D5C1}.Debug|x64.ActiveCfg = Debug|x64
		{E567F969-8DEF-4308-8F97-521D1244D5C1}.Debug|x64.Build.0 = Debug|x64
		{E567F969-8DEF-4308-8F97-521D1244D5C1}.Debug|x86.ActiveCfg = Debug|Win32
		{E567F969-8DEF-4308-8F97-521D1244D5C1}.Debug|x86.Build.0 = Debug|Win32
		{E567F969-8DEF-4308-8F97-521D1244D5C1}.Release|x64.ActiveCfg = Release|x64
		{E567F969-8DEF-4308-8F97-521D1244D5C1}.Release|x64.Build.0 = Release|x64
		{E567F969-8DEF-4308-8F97-521D1244D5C1}.Release|x86.ActiveCfg = Release|Win32
		{E567F969-8DEF-4308-8F97-521D1244D5C1}.Release|x86.Build.0 = Release|Win32
		{CED4AB5F-C2D6-4656-97DB-20EB7B40D9D3}.Debug|x64.ActiveCfg = Debug|x64
		{CED4AB5F-C2D6-4656-97DB-20EB7B40D9D3}.Debug|x64.Build.0 = Debug|x64
		{CED4AB5F-C2D6-4656-97DB-20EB7B40D9D3}.Debug|x86.ActiveCfg = Debug|Win32
		{CED4AB5F-C2D6-4656-97DB-20EB7B40D9D3}.Debug|x86.Build.0 = Debug|Win32
		{CED4AB5F-C2D6-4656-97DB-20EB7B40D9D3}.Release|x64.ActiveCfg = Release|x64
		{CED4AB5F-C2D6-4656-97DB-20EB7B40D9D3}.Release|x64.Build.0 = Release|x64
		{CED4AB5F-C2D6-4656-97DB-20EB7B40D9D3}.Release|x86.ActiveCfg = Release|Win32
		{CED4AB5F-C2D6-4656-97DB-20EB7B40D9D3}.Release|x86.Build.0 = Release|Win32
		{19B0AAE2-869B-4133-B20C-B8BC8246A574}.Debug|x64.ActiveCfg = Debug|x64
		{19B0AAE2-869B-4133-B20C-B8BC8246A574}.Debug|x64.Build.0 = Debug|x64
		{19B0AAE2-869B-4133-B20C-B8BC8246A574}.Debug|x86.ActiveCfg = Debug|Win32
		{19B0AAE2-869B-4133-B20C-B8BC8246A574}.Debug|x86.Build.0 = Debug|Win32
		{19B0AAE2-869B-4133-B20C-B8BC8246A574}.Release|x64.ActiveCfg = Release|x64
		{19B0AAE2-869B-4133-B20C-B8BC8246A574}.Release|x64.Build.0 = Release|x64
		{19B0AAE2-869B-4133-B20C-B8BC8246A574}.Release|x86.ActiveCfg = Release|Win32
		{19B0AAE2-869B-4133-B20C-B8BC8246A574}.Release|x86.Build.0 = Release|Win32
	EndGlobalSection
	GlobalSection(SolutionProperties) = preSolution
		HideSolutionNode = FALSE
	EndGlobalSection
	GlobalSection(ExtensibilityGlobals) = postSolution
		SolutionGuid = {D202BC70-B9C7-4020-839D-E54616F5955E}
	EndGlobalSection
EndGlobal
