
Microsoft Visual Studio Solution File, Format Version 12.00
# Visual Studio Version 16
VisualStudioVersion = 16.0.32228.343
MinimumVisualStudioVersion = 10.0.40219.1
Project("{8BC9CEB8-8B4A-11D0-8D11-00A0C91BC942}") = "01_EgyszeruFajl", "01_EgyszeruFajl\01_EgyszeruFajl.vcxproj", "{AC89257D-B8AA-40A1-B419-5780FEFFC53D}"
EndProject
Project("{8BC9CEB8-8B4A-11D0-8D11-00A0C91BC942}") = "02_BeolvasasEgyszeru", "02_BeolvasasEgyszeru\02_BeolvasasEgyszeru.vcxproj", "{25F6E68E-0DCA-4902-A5D7-82A8B143DEFB}"
EndProject
Project("{8BC9CEB8-8B4A-11D0-8D11-00A0C91BC942}") = "03_StrukturaBeolvasas", "03_StrukturaBeolvasas\03_StrukturaBeolvasas.vcxproj", "{57E9EA80-8C99-4D40-9003-EBD7E4D12CB2}"
EndProject
Project("{8BC9CEB8-8B4A-11D0-8D11-00A0C91BC942}") = "04_FajlMerete", "04_FajlMerete\04_FajlMerete.vcxproj", "{25D50A7F-8962-481E-B24A-819399FA038B}"
EndProject
Project("{8BC9CEB8-8B4A-11D0-8D11-00A0C91BC942}") = "05_BinarisfajlBeolvasasa", "05_BinarisfajlBeolvasasa\05_BinarisfajlBeolvasasa.vcxproj", "{F9A6DA58-1B2F-4999-9B00-19A7560362B6}"
EndProject
Global
	GlobalSection(SolutionConfigurationPlatforms) = preSolution
		Debug|x64 = Debug|x64
		Debug|x86 = Debug|x86
		Release|x64 = Release|x64
		Release|x86 = Release|x86
	EndGlobalSection
	GlobalSection(ProjectConfigurationPlatforms) = postSolution
		{AC89257D-B8AA-40A1-B419-5780FEFFC53D}.Debug|x64.ActiveCfg = Debug|x64
		{AC89257D-B8AA-40A1-B419-5780FEFFC53D}.Debug|x64.Build.0 = Debug|x64
		{AC89257D-B8AA-40A1-B419-5780FEFFC53D}.Debug|x86.ActiveCfg = Debug|Win32
		{AC89257D-B8AA-40A1-B419-5780FEFFC53D}.Debug|x86.Build.0 = Debug|Win32
		{AC89257D-B8AA-40A1-B419-5780FEFFC53D}.Release|x64.ActiveCfg = Release|x64
		{AC89257D-B8AA-40A1-B419-5780FEFFC53D}.Release|x64.Build.0 = Release|x64
		{AC89257D-B8AA-40A1-B419-5780FEFFC53D}.Release|x86.ActiveCfg = Release|Win32
		{AC89257D-B8AA-40A1-B419-5780FEFFC53D}.Release|x86.Build.0 = Release|Win32
		{25F6E68E-0DCA-4902-A5D7-82A8B143DEFB}.Debug|x64.ActiveCfg = Debug|x64
		{25F6E68E-0DCA-4902-A5D7-82A8B143DEFB}.Debug|x64.Build.0 = Debug|x64
		{25F6E68E-0DCA-4902-A5D7-82A8B143DEFB}.Debug|x86.ActiveCfg = Debug|Win32
		{25F6E68E-0DCA-4902-A5D7-82A8B143DEFB}.Debug|x86.Build.0 = Debug|Win32
		{25F6E68E-0DCA-4902-A5D7-82A8B143DEFB}.Release|x64.ActiveCfg = Release|x64
		{25F6E68E-0DCA-4902-A5D7-82A8B143DEFB}.Release|x64.Build.0 = Release|x64
		{25F6E68E-0DCA-4902-A5D7-82A8B143DEFB}.Release|x86.ActiveCfg = Release|Win32
		{25F6E68E-0DCA-4902-A5D7-82A8B143DEFB}.Release|x86.Build.0 = Release|Win32
		{57E9EA80-8C99-4D40-9003-EBD7E4D12CB2}.Debug|x64.ActiveCfg = Debug|x64
		{57E9EA80-8C99-4D40-9003-EBD7E4D12CB2}.Debug|x64.Build.0 = Debug|x64
		{57E9EA80-8C99-4D40-9003-EBD7E4D12CB2}.Debug|x86.ActiveCfg = Debug|Win32
		{57E9EA80-8C99-4D40-9003-EBD7E4D12CB2}.Debug|x86.Build.0 = Debug|Win32
		{57E9EA80-8C99-4D40-9003-EBD7E4D12CB2}.Release|x64.ActiveCfg = Release|x64
		{57E9EA80-8C99-4D40-9003-EBD7E4D12CB2}.Release|x64.Build.0 = Release|x64
		{57E9EA80-8C99-4D40-9003-EBD7E4D12CB2}.Release|x86.ActiveCfg = Release|Win32
		{57E9EA80-8C99-4D40-9003-EBD7E4D12CB2}.Release|x86.Build.0 = Release|Win32
		{25D50A7F-8962-481E-B24A-819399FA038B}.Debug|x64.ActiveCfg = Debug|x64
		{25D50A7F-8962-481E-B24A-819399FA038B}.Debug|x64.Build.0 = Debug|x64
		{25D50A7F-8962-481E-B24A-819399FA038B}.Debug|x86.ActiveCfg = Debug|Win32
		{25D50A7F-8962-481E-B24A-819399FA038B}.Debug|x86.Build.0 = Debug|Win32
		{25D50A7F-8962-481E-B24A-819399FA038B}.Release|x64.ActiveCfg = Release|x64
		{25D50A7F-8962-481E-B24A-819399FA038B}.Release|x64.Build.0 = Release|x64
		{25D50A7F-8962-481E-B24A-819399FA038B}.Release|x86.ActiveCfg = Release|Win32
		{25D50A7F-8962-481E-B24A-819399FA038B}.Release|x86.Build.0 = Release|Win32
		{F9A6DA58-1B2F-4999-9B00-19A7560362B6}.Debug|x64.ActiveCfg = Debug|x64
		{F9A6DA58-1B2F-4999-9B00-19A7560362B6}.Debug|x64.Build.0 = Debug|x64
		{F9A6DA58-1B2F-4999-9B00-19A7560362B6}.Debug|x86.ActiveCfg = Debug|Win32
		{F9A6DA58-1B2F-4999-9B00-19A7560362B6}.Debug|x86.Build.0 = Debug|Win32
		{F9A6DA58-1B2F-4999-9B00-19A7560362B6}.Release|x64.ActiveCfg = Release|x64
		{F9A6DA58-1B2F-4999-9B00-19A7560362B6}.Release|x64.Build.0 = Release|x64
		{F9A6DA58-1B2F-4999-9B00-19A7560362B6}.Release|x86.ActiveCfg = Release|Win32
		{F9A6DA58-1B2F-4999-9B00-19A7560362B6}.Release|x86.Build.0 = Release|Win32
	EndGlobalSection
	GlobalSection(SolutionProperties) = preSolution
		HideSolutionNode = FALSE
	EndGlobalSection
	GlobalSection(ExtensibilityGlobals) = postSolution
		SolutionGuid = {23A34D6F-D661-4FA5-A9BC-2C02663FB0D3}
	EndGlobalSection
EndGlobal
