
Microsoft Visual Studio Solution File, Format Version 12.00
# Visual Studio Version 17
VisualStudioVersion = 17.3.32901.215
MinimumVisualStudioVersion = 10.0.40219.1
Project("{8BC9CEB8-8B4A-11D0-8D11-00A0C91BC942}") = "Fel01_Teglahasabszamitas", "Fel01_Teglahasabszamitas\Fel01_Teglahasabszamitas.vcxproj", "{979D181C-E013-4621-BB37-0658732A1D84}"
EndProject
Project("{8BC9CEB8-8B4A-11D0-8D11-00A0C91BC942}") = "Fel02_Rendezes", "Fel02_Rendezes\Fel02_Rendezes.vcxproj", "{763A8D41-2824-4E25-A04C-C99EB3A73285}"
EndProject
Project("{8BC9CEB8-8B4A-11D0-8D11-00A0C91BC942}") = "Fel03_ZhAtlag", "Fel03_ZhAtlag\Fel03_ZhAtlag.vcxproj", "{A4944236-5798-482E-AF96-F7F97A619D19}"
EndProject
Global
	GlobalSection(SolutionConfigurationPlatforms) = preSolution
		Debug|x64 = Debug|x64
		Debug|x86 = Debug|x86
		Release|x64 = Release|x64
		Release|x86 = Release|x86
	EndGlobalSection
	GlobalSection(ProjectConfigurationPlatforms) = postSolution
		{979D181C-E013-4621-BB37-0658732A1D84}.Debug|x64.ActiveCfg = Debug|x64
		{979D181C-E013-4621-BB37-0658732A1D84}.Debug|x64.Build.0 = Debug|x64
		{979D181C-E013-4621-BB37-0658732A1D84}.Debug|x86.ActiveCfg = Debug|Win32
		{979D181C-E013-4621-BB37-0658732A1D84}.Debug|x86.Build.0 = Debug|Win32
		{979D181C-E013-4621-BB37-0658732A1D84}.Release|x64.ActiveCfg = Release|x64
		{979D181C-E013-4621-BB37-0658732A1D84}.Release|x64.Build.0 = Release|x64
		{979D181C-E013-4621-BB37-0658732A1D84}.Release|x86.ActiveCfg = Release|Win32
		{979D181C-E013-4621-BB37-0658732A1D84}.Release|x86.Build.0 = Release|Win32
		{763A8D41-2824-4E25-A04C-C99EB3A73285}.Debug|x64.ActiveCfg = Debug|x64
		{763A8D41-2824-4E25-A04C-C99EB3A73285}.Debug|x64.Build.0 = Debug|x64
		{763A8D41-2824-4E25-A04C-C99EB3A73285}.Debug|x86.ActiveCfg = Debug|Win32
		{763A8D41-2824-4E25-A04C-C99EB3A73285}.Debug|x86.Build.0 = Debug|Win32
		{763A8D41-2824-4E25-A04C-C99EB3A73285}.Release|x64.ActiveCfg = Release|x64
		{763A8D41-2824-4E25-A04C-C99EB3A73285}.Release|x64.Build.0 = Release|x64
		{763A8D41-2824-4E25-A04C-C99EB3A73285}.Release|x86.ActiveCfg = Release|Win32
		{763A8D41-2824-4E25-A04C-C99EB3A73285}.Release|x86.Build.0 = Release|Win32
		{A4944236-5798-482E-AF96-F7F97A619D19}.Debug|x64.ActiveCfg = Debug|x64
		{A4944236-5798-482E-AF96-F7F97A619D19}.Debug|x64.Build.0 = Debug|x64
		{A4944236-5798-482E-AF96-F7F97A619D19}.Debug|x86.ActiveCfg = Debug|Win32
		{A4944236-5798-482E-AF96-F7F97A619D19}.Debug|x86.Build.0 = Debug|Win32
		{A4944236-5798-482E-AF96-F7F97A619D19}.Release|x64.ActiveCfg = Release|x64
		{A4944236-5798-482E-AF96-F7F97A619D19}.Release|x64.Build.0 = Release|x64
		{A4944236-5798-482E-AF96-F7F97A619D19}.Release|x86.ActiveCfg = Release|Win32
		{A4944236-5798-482E-AF96-F7F97A619D19}.Release|x86.Build.0 = Release|Win32
	EndGlobalSection
	GlobalSection(SolutionProperties) = preSolution
		HideSolutionNode = FALSE
	EndGlobalSection
	GlobalSection(ExtensibilityGlobals) = postSolution
		SolutionGuid = {903DD0DC-2D9F-435F-94E7-80BD56EE35AB}
	EndGlobalSection
EndGlobal
