
Microsoft Visual Studio Solution File, Format Version 12.00
# Visual Studio Version 16
VisualStudioVersion = 16.0.32106.194
MinimumVisualStudioVersion = 10.0.40219.1
Project("{8BC9CEB8-8B4A-11D0-8D11-00A0C91BC942}") = "01_ElsoMemoriafoglalas", "01_ElsoMemoriafoglalas\01_ElsoMemoriafoglalas.vcxproj", "{900E732A-DE43-425E-A451-A3A5A4FBE9F6}"
EndProject
Project("{8BC9CEB8-8B4A-11D0-8D11-00A0C91BC942}") = "02_DinamikusTombMemoria", "02_DinamikusTombMemoria\02_DinamikusTombMemoria.vcxproj", "{54D0B98A-A381-4879-9D0A-94ED93166FD0}"
EndProject
Project("{8BC9CEB8-8B4A-11D0-8D11-00A0C91BC942}") = "03_StrukturaMemoriaFoglalas", "03_StrukturaMemoriaFoglalas\03_StrukturaMemoriaFoglalas.vcxproj", "{BFF2414B-2E8E-4032-9442-3CA7B3BF20A1}"
EndProject
Project("{8BC9CEB8-8B4A-11D0-8D11-00A0C91BC942}") = "01_ProbaZH", "01_ProbaZH\01_ProbaZH.vcxproj", "{10859199-7234-4382-8D71-D5C7928422BC}"
EndProject
Project("{8BC9CEB8-8B4A-11D0-8D11-00A0C91BC942}") = "01_ProbaZH_string", "01_ProbaZH_string\01_ProbaZH_string.vcxproj", "{7F85715E-75F6-4EFA-8EA7-526CBA303B29}"
EndProject
Project("{8BC9CEB8-8B4A-11D0-8D11-00A0C91BC942}") = "06_DinamikusString", "06_DinamikusString\06_DinamikusString.vcxproj", "{092BC932-FBA8-4E56-B859-8CA403821C9C}"
EndProject
Project("{8BC9CEB8-8B4A-11D0-8D11-00A0C91BC942}") = "07_PascalHaromszog", "07_PascalHaromszog\07_PascalHaromszog.vcxproj", "{A47B203C-C404-4787-9005-38063AE5806F}"
EndProject
Global
	GlobalSection(SolutionConfigurationPlatforms) = preSolution
		Debug|x64 = Debug|x64
		Debug|x86 = Debug|x86
		Release|x64 = Release|x64
		Release|x86 = Release|x86
	EndGlobalSection
	GlobalSection(ProjectConfigurationPlatforms) = postSolution
		{900E732A-DE43-425E-A451-A3A5A4FBE9F6}.Debug|x64.ActiveCfg = Debug|x64
		{900E732A-DE43-425E-A451-A3A5A4FBE9F6}.Debug|x64.Build.0 = Debug|x64
		{900E732A-DE43-425E-A451-A3A5A4FBE9F6}.Debug|x86.ActiveCfg = Debug|Win32
		{900E732A-DE43-425E-A451-A3A5A4FBE9F6}.Debug|x86.Build.0 = Debug|Win32
		{900E732A-DE43-425E-A451-A3A5A4FBE9F6}.Release|x64.ActiveCfg = Release|x64
		{900E732A-DE43-425E-A451-A3A5A4FBE9F6}.Release|x64.Build.0 = Release|x64
		{900E732A-DE43-425E-A451-A3A5A4FBE9F6}.Release|x86.ActiveCfg = Release|Win32
		{900E732A-DE43-425E-A451-A3A5A4FBE9F6}.Release|x86.Build.0 = Release|Win32
		{54D0B98A-A381-4879-9D0A-94ED93166FD0}.Debug|x64.ActiveCfg = Debug|x64
		{54D0B98A-A381-4879-9D0A-94ED93166FD0}.Debug|x64.Build.0 = Debug|x64
		{54D0B98A-A381-4879-9D0A-94ED93166FD0}.Debug|x86.ActiveCfg = Debug|Win32
		{54D0B98A-A381-4879-9D0A-94ED93166FD0}.Debug|x86.Build.0 = Debug|Win32
		{54D0B98A-A381-4879-9D0A-94ED93166FD0}.Release|x64.ActiveCfg = Release|x64
		{54D0B98A-A381-4879-9D0A-94ED93166FD0}.Release|x64.Build.0 = Release|x64
		{54D0B98A-A381-4879-9D0A-94ED93166FD0}.Release|x86.ActiveCfg = Release|Win32
		{54D0B98A-A381-4879-9D0A-94ED93166FD0}.Release|x86.Build.0 = Release|Win32
		{BFF2414B-2E8E-4032-9442-3CA7B3BF20A1}.Debug|x64.ActiveCfg = Debug|x64
		{BFF2414B-2E8E-4032-9442-3CA7B3BF20A1}.Debug|x64.Build.0 = Debug|x64
		{BFF2414B-2E8E-4032-9442-3CA7B3BF20A1}.Debug|x86.ActiveCfg = Debug|Win32
		{BFF2414B-2E8E-4032-9442-3CA7B3BF20A1}.Debug|x86.Build.0 = Debug|Win32
		{BFF2414B-2E8E-4032-9442-3CA7B3BF20A1}.Release|x64.ActiveCfg = Release|x64
		{BFF2414B-2E8E-4032-9442-3CA7B3BF20A1}.Release|x64.Build.0 = Release|x64
		{BFF2414B-2E8E-4032-9442-3CA7B3BF20A1}.Release|x86.ActiveCfg = Release|Win32
		{BFF2414B-2E8E-4032-9442-3CA7B3BF20A1}.Release|x86.Build.0 = Release|Win32
		{10859199-7234-4382-8D71-D5C7928422BC}.Debug|x64.ActiveCfg = Debug|x64
		{10859199-7234-4382-8D71-D5C7928422BC}.Debug|x64.Build.0 = Debug|x64
		{10859199-7234-4382-8D71-D5C7928422BC}.Debug|x86.ActiveCfg = Debug|Win32
		{10859199-7234-4382-8D71-D5C7928422BC}.Debug|x86.Build.0 = Debug|Win32
		{10859199-7234-4382-8D71-D5C7928422BC}.Release|x64.ActiveCfg = Release|x64
		{10859199-7234-4382-8D71-D5C7928422BC}.Release|x64.Build.0 = Release|x64
		{10859199-7234-4382-8D71-D5C7928422BC}.Release|x86.ActiveCfg = Release|Win32
		{10859199-7234-4382-8D71-D5C7928422BC}.Release|x86.Build.0 = Release|Win32
		{7F85715E-75F6-4EFA-8EA7-526CBA303B29}.Debug|x64.ActiveCfg = Debug|x64
		{7F85715E-75F6-4EFA-8EA7-526CBA303B29}.Debug|x64.Build.0 = Debug|x64
		{7F85715E-75F6-4EFA-8EA7-526CBA303B29}.Debug|x86.ActiveCfg = Debug|Win32
		{7F85715E-75F6-4EFA-8EA7-526CBA303B29}.Debug|x86.Build.0 = Debug|Win32
		{7F85715E-75F6-4EFA-8EA7-526CBA303B29}.Release|x64.ActiveCfg = Release|x64
		{7F85715E-75F6-4EFA-8EA7-526CBA303B29}.Release|x64.Build.0 = Release|x64
		{7F85715E-75F6-4EFA-8EA7-526CBA303B29}.Release|x86.ActiveCfg = Release|Win32
		{7F85715E-75F6-4EFA-8EA7-526CBA303B29}.Release|x86.Build.0 = Release|Win32
		{092BC932-FBA8-4E56-B859-8CA403821C9C}.Debug|x64.ActiveCfg = Debug|x64
		{092BC932-FBA8-4E56-B859-8CA403821C9C}.Debug|x64.Build.0 = Debug|x64
		{092BC932-FBA8-4E56-B859-8CA403821C9C}.Debug|x86.ActiveCfg = Debug|Win32
		{092BC932-FBA8-4E56-B859-8CA403821C9C}.Debug|x86.Build.0 = Debug|Win32
		{092BC932-FBA8-4E56-B859-8CA403821C9C}.Release|x64.ActiveCfg = Release|x64
		{092BC932-FBA8-4E56-B859-8CA403821C9C}.Release|x64.Build.0 = Release|x64
		{092BC932-FBA8-4E56-B859-8CA403821C9C}.Release|x86.ActiveCfg = Release|Win32
		{092BC932-FBA8-4E56-B859-8CA403821C9C}.Release|x86.Build.0 = Release|Win32
		{A47B203C-C404-4787-9005-38063AE5806F}.Debug|x64.ActiveCfg = Debug|x64
		{A47B203C-C404-4787-9005-38063AE5806F}.Debug|x64.Build.0 = Debug|x64
		{A47B203C-C404-4787-9005-38063AE5806F}.Debug|x86.ActiveCfg = Debug|Win32
		{A47B203C-C404-4787-9005-38063AE5806F}.Debug|x86.Build.0 = Debug|Win32
		{A47B203C-C404-4787-9005-38063AE5806F}.Release|x64.ActiveCfg = Release|x64
		{A47B203C-C404-4787-9005-38063AE5806F}.Release|x64.Build.0 = Release|x64
		{A47B203C-C404-4787-9005-38063AE5806F}.Release|x86.ActiveCfg = Release|Win32
		{A47B203C-C404-4787-9005-38063AE5806F}.Release|x86.Build.0 = Release|Win32
	EndGlobalSection
	GlobalSection(SolutionProperties) = preSolution
		HideSolutionNode = FALSE
	EndGlobalSection
	GlobalSection(ExtensibilityGlobals) = postSolution
		SolutionGuid = {8F1D39FF-B398-4755-AAB2-AA7FBC8C467D}
	EndGlobalSection
EndGlobal
